
Microsoft Visual Studio Solution File, Format Version 12.00
# Visual Studio Version 16
VisualStudioVersion = 16.0.30711.63
MinimumVisualStudioVersion = 10.0.40219.1
Project("{2150E333-8FDC-42A3-9474-1A3956D46DE8}") = "Test", "Test", "{01204CCE-B857-44E0-9E70-B55658E6DFFF}"
EndProject
Project("{FAE04EC0-301F-11D3-BF4B-00C04F79EFBC}") = "QDSpace.BackendServer", "QDSpace.BackendServer\QDSpace.BackendServer.csproj", "{B6C1EE16-BEEE-4D9A-8D2F-017C865398F3}"
EndProject
Global
	GlobalSection(SolutionConfigurationPlatforms) = preSolution
		Debug|Any CPU = Debug|Any CPU
		Release|Any CPU = Release|Any CPU
	EndGlobalSection
	GlobalSection(ProjectConfigurationPlatforms) = postSolution
		{B6C1EE16-BEEE-4D9A-8D2F-017C865398F3}.Debug|Any CPU.ActiveCfg = Debug|Any CPU
		{B6C1EE16-BEEE-4D9A-8D2F-017C865398F3}.Debug|Any CPU.Build.0 = Debug|Any CPU
		{B6C1EE16-BEEE-4D9A-8D2F-017C865398F3}.Release|Any CPU.ActiveCfg = Release|Any CPU
		{B6C1EE16-BEEE-4D9A-8D2F-017C865398F3}.Release|Any CPU.Build.0 = Release|Any CPU
	EndGlobalSection
	GlobalSection(SolutionProperties) = preSolution
		HideSolutionNode = FALSE
	EndGlobalSection
	GlobalSection(ExtensibilityGlobals) = postSolution
		SolutionGuid = {B6D996B7-396E-4F33-AE2D-12E38E44D7CC}
	EndGlobalSection
EndGlobal
